{
  "name": "diamondbot",
  "lockfileVersion": 2,
  "requires": true,
  "packages": {
    "": {
      "dependencies": {
        "node-fetch": "^2.6.1",
        "random-item": "^3.1.0"
      }
    },
    "node_modules/node-fetch": {
      "version": "2.6.1",
      "resolved": "https://registry.npmjs.org/node-fetch/-/node-fetch-2.6.1.tgz",
      "integrity": "sha512-V4aYg89jEoVRxRb2fJdAg8FHvI7cEyYdVAh94HH0UIK8oJxUfkjlDQN9RbMx+bEjP7+ggMiFRprSti032Oipxw==",
      "engines": {
        "node": "4.x || >=6.0.0"
      }
    },
    "node_modules/random-item": {
      "version": "3.1.0",
      "resolved": "https://registry.npmjs.org/random-item/-/random-item-3.1.0.tgz",
      "integrity": "sha512-0DyAT8LYBNQKSkqcPjia/HNoWCZ5JWBdAQWjBQVh5DMVv3Fv7V90I8/AuUf8NW4zdFn27i9qj8Kp6wI5JsiiOA==",
      "engines": {
        "node": ">=8"
      },
      "funding": {
        "url": "https://github.com/sponsors/sindresorhus"
      }
    }
  },
  "dependencies": {
    "node-fetch": {
      "version": "2.6.1",
      "resolved": "https://registry.npmjs.org/node-fetch/-/node-fetch-2.6.1.tgz",
      "integrity": "sha512-V4aYg89jEoVRxRb2fJdAg8FHvI7cEyYdVAh94HH0UIK8oJxUfkjlDQN9RbMx+bEjP7+ggMiFRprSti032Oipxw=="
    },
    "random-item": {
      "version": "3.1.0",
      "resolved": "https://registry.npmjs.org/random-item/-/random-item-3.1.0.tgz",
      "integrity": "sha512-0DyAT8LYBNQKSkqcPjia/HNoWCZ5JWBdAQWjBQVh5DMVv3Fv7V90I8/AuUf8NW4zdFn27i9qj8Kp6wI5JsiiOA=="
    }
  }
}
